// !$*UTF8*$!
{
	archiveVersion = 1;
	classes = {
	};
	objectVersion = 50;
	objects = {

/* Begin PBXBuildFile section */
		2C6D967D22BA7A5800EEF069 /* AppDelegate.swift in Sources */ = {isa = PBXBuildFile; fileRef = 2C6D967C22BA7A5800EEF069 /* AppDelegate.swift */; };
		2C6D968222BA7A5800EEF069 /* Main.storyboard in Resources */ = {isa = PBXBuildFile; fileRef = 2C6D968022BA7A5800EEF069 /* Main.storyboard */; };
		2C6D968422BA7A5A00EEF069 /* Assets.xcassets in Resources */ = {isa = PBXBuildFile; fileRef = 2C6D968322BA7A5A00EEF069 /* Assets.xcassets */; };
		2C6D968722BA7A5A00EEF069 /* LaunchScreen.storyboard in Resources */ = {isa = PBXBuildFile; fileRef = 2C6D968522BA7A5A00EEF069 /* LaunchScreen.storyboard */; };
		2CA6638E22BA814700B1C6EB /* PlaylistCoreData.xcdatamodeld in Sources */ = {isa = PBXBuildFile; fileRef = 2CA6638C22BA814700B1C6EB /* PlaylistCoreData.xcdatamodeld */; };
		2CA6639022BA823A00B1C6EB /* Playlist+Convenience.swift in Sources */ = {isa = PBXBuildFile; fileRef = 2CA6638F22BA823A00B1C6EB /* Playlist+Convenience.swift */; };
		2CA6639222BA827E00B1C6EB /* CoreDataStack.swift in Sources */ = {isa = PBXBuildFile; fileRef = 2CA6639122BA827E00B1C6EB /* CoreDataStack.swift */; };
		2CA6639422BA84AD00B1C6EB /* Song+Convenience.swift in Sources */ = {isa = PBXBuildFile; fileRef = 2CA6639322BA84AD00B1C6EB /* Song+Convenience.swift */; };
/* End PBXBuildFile section */

/* Begin PBXFileReference section */
		2C6D967922BA7A5800EEF069 /* PlaylistCoreData.app */ = {isa = PBXFileReference; explicitFileType = wrapper.application; includeInIndex = 0; path = PlaylistCoreData.app; sourceTree = BUILT_PRODUCTS_DIR; };
		2C6D967C22BA7A5800EEF069 /* AppDelegate.swift */ = {isa = PBXFileReference; lastKnownFileType = sourcecode.swift; path = AppDelegate.swift; sourceTree = "<group>"; };
		2C6D968122BA7A5800EEF069 /* Base */ = {isa = PBXFileReference; lastKnownFileType = file.storyboard; name = Base; path = Base.lproj/Main.storyboard; sourceTree = "<group>"; };
		2C6D968322BA7A5A00EEF069 /* Assets.xcassets */ = {isa = PBXFileReference; lastKnownFileType = folder.assetcatalog; path = Assets.xcassets; sourceTree = "<group>"; };
		2C6D968622BA7A5A00EEF069 /* Base */ = {isa = PBXFileReference; lastKnownFileType = file.storyboard; name = Base; path = Base.lproj/LaunchScreen.storyboard; sourceTree = "<group>"; };
		2C6D968822BA7A5A00EEF069 /* Info.plist */ = {isa = PBXFileReference; lastKnownFileType = text.plist.xml; path = Info.plist; sourceTree = "<group>"; };
		2CA6638D22BA814700B1C6EB /* PlaylistCoreData.xcdatamodel */ = {isa = PBXFileReference; lastKnownFileType = wrapper.xcdatamodel; path = PlaylistCoreData.xcdatamodel; sourceTree = "<group>"; };
		2CA6638F22BA823A00B1C6EB /* Playlist+Convenience.swift */ = {isa = PBXFileReference; lastKnownFileType = sourcecode.swift; path = "Playlist+Convenience.swift"; sourceTree = "<group>"; };
		2CA6639122BA827E00B1C6EB /* CoreDataStack.swift */ = {isa = PBXFileReference; lastKnownFileType = sourcecode.swift; path = CoreDataStack.swift; sourceTree = "<group>"; };
		2CA6639322BA84AD00B1C6EB /* Song+Convenience.swift */ = {isa = PBXFileReference; lastKnownFileType = sourcecode.swift; path = "Song+Convenience.swift"; sourceTree = "<group>"; };
/* End PBXFileReference section */

/* Begin PBXFrameworksBuildPhase section */
		2C6D967622BA7A5800EEF069 /* Frameworks */ = {
			isa = PBXFrameworksBuildPhase;
			buildActionMask = 2147483647;
			files = (
			);
			runOnlyForDeploymentPostprocessing = 0;
		};
/* End PBXFrameworksBuildPhase section */

/* Begin PBXGroup section */
		2C6D967022BA7A5800EEF069 = {
			isa = PBXGroup;
			children = (
				2C6D967B22BA7A5800EEF069 /* PlaylistCoreData */,
				2C6D967A22BA7A5800EEF069 /* Products */,
			);
			sourceTree = "<group>";
		};
		2C6D967A22BA7A5800EEF069 /* Products */ = {
			isa = PBXGroup;
			children = (
				2C6D967922BA7A5800EEF069 /* PlaylistCoreData.app */,
			);
			name = Products;
			sourceTree = "<group>";
		};
		2C6D967B22BA7A5800EEF069 /* PlaylistCoreData */ = {
			isa = PBXGroup;
			children = (
				2C6D968022BA7A5800EEF069 /* Main.storyboard */,
				2CA6638922BA7D9E00B1C6EB /* Controllers */,
				2CA6638822BA7D9900B1C6EB /* Models */,
				2C6D968E22BA7B3000EEF069 /* Resources */,
			);
			path = PlaylistCoreData;
			sourceTree = "<group>";
		};
		2C6D968E22BA7B3000EEF069 /* Resources */ = {
			isa = PBXGroup;
			children = (
				2C6D967C22BA7A5800EEF069 /* AppDelegate.swift */,
				2C6D968322BA7A5A00EEF069 /* Assets.xcassets */,
				2C6D968522BA7A5A00EEF069 /* LaunchScreen.storyboard */,
				2C6D968822BA7A5A00EEF069 /* Info.plist */,
			);
			path = Resources;
			sourceTree = "<group>";
		};
		2CA6638822BA7D9900B1C6EB /* Models */ = {
			isa = PBXGroup;
			children = (
				2CA6638C22BA814700B1C6EB /* PlaylistCoreData.xcdatamodeld */,
				2CA6638F22BA823A00B1C6EB /* Playlist+Convenience.swift */,
				2CA6639122BA827E00B1C6EB /* CoreDataStack.swift */,
				2CA6639322BA84AD00B1C6EB /* Song+Convenience.swift */,
			);
			path = Models;
			sourceTree = "<group>";
		};
		2CA6638922BA7D9E00B1C6EB /* Controllers */ = {
			isa = PBXGroup;
			children = (
				2CA6638B22BA7DB300B1C6EB /* Model Controllers */,
				2CA6638A22BA7DA500B1C6EB /* View Controllers */,
			);
			path = Controllers;
			sourceTree = "<group>";
		};
		2CA6638A22BA7DA500B1C6EB /* View Controllers */ = {
			isa = PBXGroup;
			children = (
			);
			path = "View Controllers";
			sourceTree = "<group>";
		};
		2CA6638B22BA7DB300B1C6EB /* Model Controllers */ = {
			isa = PBXGroup;
			children = (
			);
			path = "Model Controllers";
			sourceTree = "<group>";
		};
/* End PBXGroup section */

/* Begin PBXNativeTarget section */
		2C6D967822BA7A5800EEF069 /* PlaylistCoreData */ = {
			isa = PBXNativeTarget;
			buildConfigurationList = 2C6D968B22BA7A5A00EEF069 /* Build configuration list for PBXNativeTarget "PlaylistCoreData" */;
			buildPhases = (
				2C6D967522BA7A5800EEF069 /* Sources */,
				2C6D967622BA7A5800EEF069 /* Frameworks */,
				2C6D967722BA7A5800EEF069 /* Resources */,
			);
			buildRules = (
			);
			dependencies = (
			);
			name = PlaylistCoreData;
			productName = PlaylistCoreData;
			productReference = 2C6D967922BA7A5800EEF069 /* PlaylistCoreData.app */;
			productType = "com.apple.product-type.application";
		};
/* End PBXNativeTarget section */

/* Begin PBXProject section */
		2C6D967122BA7A5800EEF069 /* Project object */ = {
			isa = PBXProject;
			attributes = {
				LastSwiftUpdateCheck = 1020;
				LastUpgradeCheck = 1020;
				ORGANIZATIONNAME = "Darin Marcus Armstrong";
				TargetAttributes = {
					2C6D967822BA7A5800EEF069 = {
						CreatedOnToolsVersion = 10.2.1;
					};
				};
			};
			buildConfigurationList = 2C6D967422BA7A5800EEF069 /* Build configuration list for PBXProject "PlaylistCoreData" */;
			compatibilityVersion = "Xcode 9.3";
			developmentRegion = en;
			hasScannedForEncodings = 0;
			knownRegions = (
				en,
				Base,
			);
			mainGroup = 2C6D967022BA7A5800EEF069;
			productRefGroup = 2C6D967A22BA7A5800EEF069 /* Products */;
			projectDirPath = "";
			projectRoot = "";
			targets = (
				2C6D967822BA7A5800EEF069 /* PlaylistCoreData */,
			);
		};
/* End PBXProject section */

/* Begin PBXResourcesBuildPhase section */
		2C6D967722BA7A5800EEF069 /* Resources */ = {
			isa = PBXResourcesBuildPhase;
			buildActionMask = 2147483647;
			files = (
				2C6D968722BA7A5A00EEF069 /* LaunchScreen.storyboard in Resources */,
				2C6D968422BA7A5A00EEF069 /* Assets.xcassets in Resources */,
				2C6D968222BA7A5800EEF069 /* Main.storyboard in Resources */,
			);
			runOnlyForDeploymentPostprocessing = 0;
		};
/* End PBXResourcesBuildPhase section */

/* Begin PBXSourcesBuildPhase section */
		2C6D967522BA7A5800EEF069 /* Sources */ = {
			isa = PBXSourcesBuildPhase;
			buildActionMask = 2147483647;
			files = (
				2CA6638E22BA814700B1C6EB /* PlaylistCoreData.xcdatamodeld in Sources */,
				2CA6639422BA84AD00B1C6EB /* Song+Convenience.swift in Sources */,
				2C6D967D22BA7A5800EEF069 /* AppDelegate.swift in Sources */,
				2CA6639022BA823A00B1C6EB /* Playlist+Convenience.swift in Sources */,
				2CA6639222BA827E00B1C6EB /* CoreDataStack.swift in Sources */,
			);
			runOnlyForDeploymentPostprocessing = 0;
		};
/* End PBXSourcesBuildPhase section */

/* Begin PBXVariantGroup section */
		2C6D968022BA7A5800EEF069 /* Main.storyboard */ = {
			isa = PBXVariantGroup;
			children = (
				2C6D968122BA7A5800EEF069 /* Base */,
			);
			name = Main.storyboard;
			sourceTree = "<group>";
		};
		2C6D968522BA7A5A00EEF069 /* LaunchScreen.storyboard */ = {
			isa = PBXVariantGroup;
			children = (
				2C6D968622BA7A5A00EEF069 /* Base */,
			);
			name = LaunchScreen.storyboard;
			sourceTree = "<group>";
		};
/* End PBXVariantGroup section */

/* Begin XCBuildConfiguration section */
		2C6D968922BA7A5A00EEF069 /* Debug */ = {
			isa = XCBuildConfiguration;
			buildSettings = {
				ALWAYS_SEARCH_USER_PATHS = NO;
				CLANG_ANALYZER_NONNULL = YES;
				CLANG_ANALYZER_NUMBER_OBJECT_CONVERSION = YES_AGGRESSIVE;
				CLANG_CXX_LANGUAGE_STANDARD = "gnu++14";
				CLANG_CXX_LIBRARY = "libc++";
				CLANG_ENABLE_MODULES = YES;
				CLANG_ENABLE_OBJC_ARC = YES;
				CLANG_ENABLE_OBJC_WEAK = YES;
				CLANG_WARN_BLOCK_CAPTURE_AUTORELEASING = YES;
				CLANG_WARN_BOOL_CONVERSION = YES;
				CLANG_WARN_COMMA = YES;
				CLANG_WARN_CONSTANT_CONVERSION = YES;
				CLANG_WARN_DEPRECATED_OBJC_IMPLEMENTATIONS = YES;
				CLANG_WARN_DIRECT_OBJC_ISA_USAGE = YES_ERROR;
				CLANG_WARN_DOCUMENTATION_COMMENTS = YES;
				CLANG_WARN_EMPTY_BODY = YES;
				CLANG_WARN_ENUM_CONVERSION = YES;
				CLANG_WARN_INFINITE_RECURSION = YES;
				CLANG_WARN_INT_CONVERSION = YES;
				CLANG_WARN_NON_LITERAL_NULL_CONVERSION = YES;
				CLANG_WARN_OBJC_IMPLICIT_RETAIN_SELF = YES;
				CLANG_WARN_OBJC_LITERAL_CONVERSION = YES;
				CLANG_WARN_OBJC_ROOT_CLASS = YES_ERROR;
				CLANG_WARN_RANGE_LOOP_ANALYSIS = YES;
				CLANG_WARN_STRICT_PROTOTYPES = YES;
				CLANG_WARN_SUSPICIOUS_MOVE = YES;
				CLANG_WARN_UNGUARDED_AVAILABILITY = YES_AGGRESSIVE;
				CLANG_WARN_UNREACHABLE_CODE = YES;
				CLANG_WARN__DUPLICATE_METHOD_MATCH = YES;
				CODE_SIGN_IDENTITY = "iPhone Developer";
				COPY_PHASE_STRIP = NO;
				DEBUG_INFORMATION_FORMAT = dwarf;
				ENABLE_STRICT_OBJC_MSGSEND = YES;
				ENABLE_TESTABILITY = YES;
				GCC_C_LANGUAGE_STANDARD = gnu11;
				GCC_DYNAMIC_NO_PIC = NO;
				GCC_NO_COMMON_BLOCKS = YES;
				GCC_OPTIMIZATION_LEVEL = 0;
				GCC_PREPROCESSOR_DEFINITIONS = (
					"DEBUG=1",
					"$(inherited)",
				);
				GCC_WARN_64_TO_32_BIT_CONVERSION = YES;
				GCC_WARN_ABOUT_RETURN_TYPE = YES_ERROR;
				GCC_WARN_UNDECLARED_SELECTOR = YES;
				GCC_WARN_UNINITIALIZED_AUTOS = YES_AGGRESSIVE;
				GCC_WARN_UNUSED_FUNCTION = YES;
				GCC_WARN_UNUSED_VARIABLE = YES;
				IPHONEOS_DEPLOYMENT_TARGET = 12.2;
				MTL_ENABLE_DEBUG_INFO = INCLUDE_SOURCE;
				MTL_FAST_MATH = YES;
				ONLY_ACTIVE_ARCH = YES;
				SDKROOT = iphoneos;
				SWIFT_ACTIVE_COMPILATION_CONDITIONS = DEBUG;
				SWIFT_OPTIMIZATION_LEVEL = "-Onone";
			};
			name = Debug;
		};
		2C6D968A22BA7A5A00EEF069 /* Release */ = {
			isa = XCBuildConfiguration;
			buildSettings = {
				ALWAYS_SEARCH_USER_PATHS = NO;
				CLANG_ANALYZER_NONNULL = YES;
				CLANG_ANALYZER_NUMBER_OBJECT_CONVERSION = YES_AGGRESSIVE;
				CLANG_CXX_LANGUAGE_STANDARD = "gnu++14";
				CLANG_CXX_LIBRARY = "libc++";
				CLANG_ENABLE_MODULES = YES;
				CLANG_ENABLE_OBJC_ARC = YES;
				CLANG_ENABLE_OBJC_WEAK = YES;
				CLANG_WARN_BLOCK_CAPTURE_AUTORELEASING = YES;
				CLANG_WARN_BOOL_CONVERSION = YES;
				CLANG_WARN_COMMA = YES;
				CLANG_WARN_CONSTANT_CONVERSION = YES;
				CLANG_WARN_DEPRECATED_OBJC_IMPLEMENTATIONS = YES;
				CLANG_WARN_DIRECT_OBJC_ISA_USAGE = YES_ERROR;
				CLANG_WARN_DOCUMENTATION_COMMENTS = YES;
				CLANG_WARN_EMPTY_BODY = YES;
				CLANG_WARN_ENUM_CONVERSION = YES;
				CLANG_WARN_INFINITE_RECURSION = YES;
				CLANG_WARN_INT_CONVERSION = YES;
				CLANG_WARN_NON_LITERAL_NULL_CONVERSION = YES;
				CLANG_WARN_OBJC_IMPLICIT_RETAIN_SELF = YES;
				CLANG_WARN_OBJC_LITERAL_CONVERSION = YES;
				CLANG_WARN_OBJC_ROOT_CLASS = YES_ERROR;
				CLANG_WARN_RANGE_LOOP_ANALYSIS = YES;
				CLANG_WARN_STRICT_PROTOTYPES = YES;
				CLANG_WARN_SUSPICIOUS_MOVE = YES;
				CLANG_WARN_UNGUARDED_AVAILABILITY = YES_AGGRESSIVE;
				CLANG_WARN_UNREACHABLE_CODE = YES;
				CLANG_WARN__DUPLICATE_METHOD_MATCH = YES;
				CODE_SIGN_IDENTITY = "iPhone Developer";
				COPY_PHASE_STRIP = NO;
				DEBUG_INFORMATION_FORMAT = "dwarf-with-dsym";
				ENABLE_NS_ASSERTIONS = NO;
				ENABLE_STRICT_OBJC_MSGSEND = YES;
				GCC_C_LANGUAGE_STANDARD = gnu11;
				GCC_NO_COMMON_BLOCKS = YES;
				GCC_WARN_64_TO_32_BIT_CONVERSION = YES;
				GCC_WARN_ABOUT_RETURN_TYPE = YES_ERROR;
				GCC_WARN_UNDECLARED_SELECTOR = YES;
				GCC_WARN_UNINITIALIZED_AUTOS = YES_AGGRESSIVE;
				GCC_WARN_UNUSED_FUNCTION = YES;
				GCC_WARN_UNUSED_VARIABLE = YES;
				IPHONEOS_DEPLOYMENT_TARGET = 12.2;
				MTL_ENABLE_DEBUG_INFO = NO;
				MTL_FAST_MATH = YES;
				SDKROOT = iphoneos;
				SWIFT_COMPILATION_MODE = wholemodule;
				SWIFT_OPTIMIZATION_LEVEL = "-O";
				VALIDATE_PRODUCT = YES;
			};
			name = Release;
		};
		2C6D968C22BA7A5A00EEF069 /* Debug */ = {
			isa = XCBuildConfiguration;
			buildSettings = {
				ASSETCATALOG_COMPILER_APPICON_NAME = AppIcon;
				CODE_SIGN_STYLE = Automatic;
				INFOPLIST_FILE = "$(SRCROOT)/PlaylistCoreData/Resources/Info.plist";
				LD_RUNPATH_SEARCH_PATHS = (
					"$(inherited)",
					"@executable_path/Frameworks",
				);
				PRODUCT_BUNDLE_IDENTIFIER = DMA.PlaylistCoreData;
				PRODUCT_NAME = "$(TARGET_NAME)";
				SWIFT_VERSION = 5.0;
				TARGETED_DEVICE_FAMILY = "1,2";
			};
			name = Debug;
		};
		2C6D968D22BA7A5A00EEF069 /* Release */ = {
			isa = XCBuildConfiguration;
			buildSettings = {
				ASSETCATALOG_COMPILER_APPICON_NAME = AppIcon;
				CODE_SIGN_STYLE = Automatic;
				INFOPLIST_FILE = "$(SRCROOT)/PlaylistCoreData/Resources/Info.plist";
				LD_RUNPATH_SEARCH_PATHS = (
					"$(inherited)",
					"@executable_path/Frameworks",
				);
				PRODUCT_BUNDLE_IDENTIFIER = DMA.PlaylistCoreData;
				PRODUCT_NAME = "$(TARGET_NAME)";
				SWIFT_VERSION = 5.0;
				TARGETED_DEVICE_FAMILY = "1,2";
			};
			name = Release;
		};
/* End XCBuildConfiguration section */

/* Begin XCConfigurationList section */
		2C6D967422BA7A5800EEF069 /* Build configuration list for PBXProject "PlaylistCoreData" */ = {
			isa = XCConfigurationList;
			buildConfigurations = (
				2C6D968922BA7A5A00EEF069 /* Debug */,
				2C6D968A22BA7A5A00EEF069 /* Release */,
			);
			defaultConfigurationIsVisible = 0;
			defaultConfigurationName = Release;
		};
		2C6D968B22BA7A5A00EEF069 /* Build configuration list for PBXNativeTarget "PlaylistCoreData" */ = {
			isa = XCConfigurationList;
			buildConfigurations = (
				2C6D968C22BA7A5A00EEF069 /* Debug */,
				2C6D968D22BA7A5A00EEF069 /* Release */,
			);
			defaultConfigurationIsVisible = 0;
			defaultConfigurationName = Release;
		};
/* End XCConfigurationList section */

/* Begin XCVersionGroup section */
		2CA6638C22BA814700B1C6EB /* PlaylistCoreData.xcdatamodeld */ = {
			isa = XCVersionGroup;
			children = (
				2CA6638D22BA814700B1C6EB /* PlaylistCoreData.xcdatamodel */,
			);
			currentVersion = 2CA6638D22BA814700B1C6EB /* PlaylistCoreData.xcdatamodel */;
			path = PlaylistCoreData.xcdatamodeld;
			sourceTree = "<group>";
			versionGroupType = wrapper.xcdatamodel;
		};
/* End XCVersionGroup section */
	};
	rootObject = 2C6D967122BA7A5800EEF069 /* Project object */;
}
